
Microsoft Visual Studio Solution File, Format Version 12.00
# Visual Studio Version 17
VisualStudioVersion = 17.2.32602.215
MinimumVisualStudioVersion = 10.0.40219.1
Project("{FAE04EC0-301F-11D3-BF4B-00C04F79EFBC}") = "ExampleProject2", "ExampleProject2\ExampleProject2.csproj", "{42993B3D-971A-4AA7-901E-73E256E64524}"
EndProject
Global
	GlobalSection(SolutionConfigurationPlatforms) = preSolution
		Debug|Any CPU = Debug|Any CPU
		Release|Any CPU = Release|Any CPU
	EndGlobalSection
	GlobalSection(ProjectConfigurationPlatforms) = postSolution
		{42993B3D-971A-4AA7-901E-73E256E64524}.Debug|Any CPU.ActiveCfg = Debug|Any CPU
		{42993B3D-971A-4AA7-901E-73E256E64524}.Debug|Any CPU.Build.0 = Debug|Any CPU
		{42993B3D-971A-4AA7-901E-73E256E64524}.Release|Any CPU.ActiveCfg = Release|Any CPU
		{42993B3D-971A-4AA7-901E-73E256E64524}.Release|Any CPU.Build.0 = Release|Any CPU
	EndGlobalSection
	GlobalSection(SolutionProperties) = preSolution
		HideSolutionNode = FALSE
	EndGlobalSection
	GlobalSection(ExtensibilityGlobals) = postSolution
		SolutionGuid = {E5F83F9E-B483-4F30-8119-14D713167DE3}
	EndGlobalSection
EndGlobal
